
Microsoft Visual Studio Solution File, Format Version 12.00
# Visual Studio Version 17
VisualStudioVersion = 17.2.32516.85
MinimumVisualStudioVersion = 10.0.40219.1
Project("{FAE04EC0-301F-11D3-BF4B-00C04F79EFBC}") = "Sample-CRUD-Operations", "D4\Sample-CRUD-Operations.csproj", "{2B0C1606-04B3-438F-8667-1E2434D01A98}"
EndProject
Global
	GlobalSection(SolutionConfigurationPlatforms) = preSolution
		Debug|Any CPU = Debug|Any CPU
		Release|Any CPU = Release|Any CPU
	EndGlobalSection
	GlobalSection(ProjectConfigurationPlatforms) = postSolution
		{2B0C1606-04B3-438F-8667-1E2434D01A98}.Debug|Any CPU.ActiveCfg = Debug|Any CPU
		{2B0C1606-04B3-438F-8667-1E2434D01A98}.Debug|Any CPU.Build.0 = Debug|Any CPU
		{2B0C1606-04B3-438F-8667-1E2434D01A98}.Release|Any CPU.ActiveCfg = Release|Any CPU
		{2B0C1606-04B3-438F-8667-1E2434D01A98}.Release|Any CPU.Build.0 = Release|Any CPU
	EndGlobalSection
	GlobalSection(SolutionProperties) = preSolution
		HideSolutionNode = FALSE
	EndGlobalSection
	GlobalSection(ExtensibilityGlobals) = postSolution
		SolutionGuid = {594FCC40-EC54-49CB-98E1-81FF9104C275}
	EndGlobalSection
EndGlobal
